
Microsoft Visual Studio Solution File, Format Version 12.00
# Visual Studio Version 16
VisualStudioVersion = 16.0.30711.63
MinimumVisualStudioVersion = 10.0.40219.1
Project("{FAE04EC0-301F-11D3-BF4B-00C04F79EFBC}") = "prjFinalDA3MingQi", "prjFinalDA3MingQi\prjFinalDA3MingQi.csproj", "{8DC251C6-25FF-4CC5-A509-A7006F2AA043}"
EndProject
Global
	GlobalSection(SolutionConfigurationPlatforms) = preSolution
		Debug|Any CPU = Debug|Any CPU
		Release|Any CPU = Release|Any CPU
	EndGlobalSection
	GlobalSection(ProjectConfigurationPlatforms) = postSolution
		{8DC251C6-25FF-4CC5-A509-A7006F2AA043}.Debug|Any CPU.ActiveCfg = Debug|Any CPU
		{8DC251C6-25FF-4CC5-A509-A7006F2AA043}.Debug|Any CPU.Build.0 = Debug|Any CPU
		{8DC251C6-25FF-4CC5-A509-A7006F2AA043}.Release|Any CPU.ActiveCfg = Release|Any CPU
		{8DC251C6-25FF-4CC5-A509-A7006F2AA043}.Release|Any CPU.Build.0 = Release|Any CPU
	EndGlobalSection
	GlobalSection(SolutionProperties) = preSolution
		HideSolutionNode = FALSE
	EndGlobalSection
	GlobalSection(ExtensibilityGlobals) = postSolution
		SolutionGuid = {EFA46384-C40F-4C9D-A26C-ADF00485B6C3}
	EndGlobalSection
EndGlobal
